
Microsoft Visual Studio Solution File, Format Version 12.00
# Visual Studio Version 16
VisualStudioVersion = 16.0.30114.105
MinimumVisualStudioVersion = 10.0.40219.1
Project("{FAE04EC0-301F-11D3-BF4B-00C04F79EFBC}") = "api", "api\api.csproj", "{303CCE9D-361A-493A-B4DB-DAE6D942DFBD}"
EndProject
Project("{2150E333-8FDC-42A3-9474-1A3956D46DE8}") = "Infrastructure", "Infrastructure", "{29BC7D26-BF06-4BA0-9D32-1FD56AA73668}"
	ProjectSection(SolutionItems) = preProject
		tye.yaml = tye.yaml
	EndProjectSection
EndProject
Global
	GlobalSection(SolutionConfigurationPlatforms) = preSolution
		Debug|Any CPU = Debug|Any CPU
		Release|Any CPU = Release|Any CPU
	EndGlobalSection
	GlobalSection(SolutionProperties) = preSolution
		HideSolutionNode = FALSE
	EndGlobalSection
	GlobalSection(ProjectConfigurationPlatforms) = postSolution
		{303CCE9D-361A-493A-B4DB-DAE6D942DFBD}.Debug|Any CPU.ActiveCfg = Debug|Any CPU
		{303CCE9D-361A-493A-B4DB-DAE6D942DFBD}.Debug|Any CPU.Build.0 = Debug|Any CPU
		{303CCE9D-361A-493A-B4DB-DAE6D942DFBD}.Release|Any CPU.ActiveCfg = Release|Any CPU
		{303CCE9D-361A-493A-B4DB-DAE6D942DFBD}.Release|Any CPU.Build.0 = Release|Any CPU
	EndGlobalSection
EndGlobal
